
Microsoft Visual Studio Solution File, Format Version 12.00
# Visual Studio Version 16
VisualStudioVersion = 16.0.31129.286
MinimumVisualStudioVersion = 10.0.40219.1
Project("{FAE04EC0-301F-11D3-BF4B-00C04F79EFBC}") = "Assignment02_API", "Assignment02_API.csproj", "{5891257A-DF93-44AF-A5EF-1EEBA1F0CC0A}"
EndProject
Global
	GlobalSection(SolutionConfigurationPlatforms) = preSolution
		Debug|Any CPU = Debug|Any CPU
		Release|Any CPU = Release|Any CPU
	EndGlobalSection
	GlobalSection(ProjectConfigurationPlatforms) = postSolution
		{5891257A-DF93-44AF-A5EF-1EEBA1F0CC0A}.Debug|Any CPU.ActiveCfg = Debug|Any CPU
		{5891257A-DF93-44AF-A5EF-1EEBA1F0CC0A}.Debug|Any CPU.Build.0 = Debug|Any CPU
		{5891257A-DF93-44AF-A5EF-1EEBA1F0CC0A}.Release|Any CPU.ActiveCfg = Release|Any CPU
		{5891257A-DF93-44AF-A5EF-1EEBA1F0CC0A}.Release|Any CPU.Build.0 = Release|Any CPU
	EndGlobalSection
	GlobalSection(SolutionProperties) = preSolution
		HideSolutionNode = FALSE
	EndGlobalSection
	GlobalSection(ExtensibilityGlobals) = postSolution
		SolutionGuid = {C7327B9D-646E-4E9B-BE38-4420929E25D6}
	EndGlobalSection
EndGlobal
